{
  "name": "attentiond-sync-e2e",
  "lockfileVersion": 3,
  "requires": true,
  "packages": {
    "": {
      "name": "attentiond-sync-e2e",
      "dependencies": {
        "loro-adaptors": "0.6.1",
        "loro-crdt": "1.13.9",
        "loro-websocket": "0.6.2"
      }
    },
    "node_modules/@types/node": {
      "version": "26.1.2",
      "resolved": "https://registry.npmjs.org/@types/node/-/node-26.1.2.tgz",
      "integrity": "sha512-Vu4a5UFA9rIIFJ7rB/Vaafh9lrCQszopTCx6KjFboXTGQbPNasehVR5TEiithSDGyd1DEiUByggTZsg8jukeIg==",
      "license": "MIT",
      "dependencies": {
        "undici-types": "~8.3.0"
      }
    },
    "node_modules/@types/ws": {
      "version": "8.18.1",
      "resolved": "https://registry.npmjs.org/@types/ws/-/ws-8.18.1.tgz",
      "integrity": "sha512-ThVF6DCVhA8kUGy+aazFQ4kXQ7E1Ty7A3ypFOe0IcJV8O/M511G99AW24irKrW56Wt44yG9+ij8FaqoBGkuBXg==",
      "license": "MIT",
      "dependencies": {
        "@types/node": "*"
      }
    },
    "node_modules/loro-adaptors": {
      "version": "0.6.1",
      "resolved": "https://registry.npmjs.org/loro-adaptors/-/loro-adaptors-0.6.1.tgz",
      "integrity": "sha512-s1H4NfKRIRF76FNgOX2/mmtXLnedE7bQVJR4wmcwarpmePXx7nE6r7QJkATYanF4SJnlP5S1oRT6Vkl1N85e2Q==",
      "license": "MIT",
      "dependencies": {
        "loro-protocol": "0.3.0"
      },
      "engines": {
        "node": ">=18.0.0"
      },
      "peerDependencies": {
        "@loro-dev/flock": "^4.1.0",
        "loro-crdt": "^1.9.0",
        "yjs": "*"
      },
      "peerDependenciesMeta": {
        "@loro-dev/flock": {
          "optional": true
        },
        "loro-crdt": {
          "optional": true
        },
        "yjs": {
          "optional": true
        }
      }
    },
    "node_modules/loro-crdt": {
      "version": "1.13.9",
      "resolved": "https://registry.npmjs.org/loro-crdt/-/loro-crdt-1.13.9.tgz",
      "integrity": "sha512-gZYkMy1mqP1wzZqhQ69rNQowOuohLPcLbVQ+MjeJh3dbiXR+XJnbbP1GMxkJ0uBNbRbGmR2w+LazSDQImIJDrw==",
      "license": "MIT"
    },
    "node_modules/loro-protocol": {
      "version": "0.3.0",
      "resolved": "https://registry.npmjs.org/loro-protocol/-/loro-protocol-0.3.0.tgz",
      "integrity": "sha512-j28FzDwOVHk95asjQEk8yse7hfYHnStdusYcQBphWRwzA8wzE5iMHQpnDyog1O6kmJQ6W/iC8yDisHpxH0wUAg==",
      "license": "MIT",
      "engines": {
        "node": ">=18.0.0"
      }
    },
    "node_modules/loro-websocket": {
      "version": "0.6.2",
      "resolved": "https://registry.npmjs.org/loro-websocket/-/loro-websocket-0.6.2.tgz",
      "integrity": "sha512-B9rHs5L1XZkmiBg8+HIFbFH1uiFg12m8Ua66D0tywvOy74WyqKVY/jbYcVLdCMglBzxU+u6XO5/yh0L4RLiJMA==",
      "license": "MIT",
      "dependencies": {
        "@types/ws": "^8.18.1",
        "loro-adaptors": "0.6.1",
        "loro-protocol": "0.3.0",
        "ws": "^8.18.3"
      },
      "engines": {
        "node": ">=18.0.0"
      },
      "peerDependencies": {
        "loro-crdt": "^1.9.0"
      }
    },
    "node_modules/undici-types": {
      "version": "8.3.0",
      "resolved": "https://registry.npmjs.org/undici-types/-/undici-types-8.3.0.tgz",
      "integrity": "sha512-j375ScV60dom+YkPFIfTLcOiPxkN/buHz5GobjLhixFuANaNs3C9l4GmrWqejgXWJ7BbJcFYpTEUkS1Ge8bpZQ==",
      "license": "MIT"
    },
    "node_modules/ws": {
      "version": "8.21.1",
      "resolved": "https://registry.npmjs.org/ws/-/ws-8.21.1.tgz",
      "integrity": "sha512-+0NTnW77fFN/DjQi6k/Sq/Yvk4Sgajw7urW8V+asjXnRgDs9gyGkdb7EzgfhA4goXsRIZKE28fzIXBHEzhuiWw==",
      "license": "MIT",
      "engines": {
        "node": ">=10.0.0"
      },
      "peerDependencies": {
        "bufferutil": "^4.0.1",
        "utf-8-validate": ">=5.0.2"
      },
      "peerDependenciesMeta": {
        "bufferutil": {
          "optional": true
        },
        "utf-8-validate": {
          "optional": true
        }
      }
    }
  }
}
